
Microsoft Visual Studio Solution File, Format Version 12.00
# Visual Studio Version 17
VisualStudioVersion = 17.9.34310.174
MinimumVisualStudioVersion = 10.0.40219.1
Project("{FAE04EC0-301F-11D3-BF4B-00C04F79EFBC}") = "MauiComm-ExpanderAndLazyView", "MauiComm-ExpanderAndLazyView.csproj", "{AB457A86-A539-485D-934A-D79E0CC1D3A8}"
EndProject
Global
	GlobalSection(SolutionConfigurationPlatforms) = preSolution
		Debug|Any CPU = Debug|Any CPU
		Release|Any CPU = Release|Any CPU
	EndGlobalSection
	GlobalSection(ProjectConfigurationPlatforms) = postSolution
		{AB457A86-A539-485D-934A-D79E0CC1D3A8}.Debug|Any CPU.ActiveCfg = Debug|Any CPU
		{AB457A86-A539-485D-934A-D79E0CC1D3A8}.Debug|Any CPU.Build.0 = Debug|Any CPU
		{AB457A86-A539-485D-934A-D79E0CC1D3A8}.Debug|Any CPU.Deploy.0 = Debug|Any CPU
		{AB457A86-A539-485D-934A-D79E0CC1D3A8}.Release|Any CPU.ActiveCfg = Release|Any CPU
		{AB457A86-A539-485D-934A-D79E0CC1D3A8}.Release|Any CPU.Build.0 = Release|Any CPU
		{AB457A86-A539-485D-934A-D79E0CC1D3A8}.Release|Any CPU.Deploy.0 = Release|Any CPU
	EndGlobalSection
	GlobalSection(SolutionProperties) = preSolution
		HideSolutionNode = FALSE
	EndGlobalSection
	GlobalSection(ExtensibilityGlobals) = postSolution
		SolutionGuid = {7075A8C1-DE0B-49CB-8855-07AA891A10D0}
	EndGlobalSection
EndGlobal
